
Microsoft Visual Studio Solution File, Format Version 12.00
# Visual Studio Version 17
VisualStudioVersion = 17.12.35527.113
MinimumVisualStudioVersion = 10.0.40219.1
Project("{FAE04EC0-301F-11D3-BF4B-00C04F79EFBC}") = "Booking", "Booking\Booking.csproj", "{59F8290D-39F1-449E-98C6-7E86F669735D}"
EndProject
Project("{FAE04EC0-301F-11D3-BF4B-00C04F79EFBC}") = "SharedModels", "SharedModels\SharedModels.csproj", "{97F47B36-53E2-4278-85C6-B95643CC6BBA}"
EndProject
Project("{2150E333-8FDC-42A3-9474-1A3956D46DE8}") = "Solution Items", "Solution Items", "{4FB74211-3C1F-4844-96D9-63D64CC028C9}"
	ProjectSection(SolutionItems) = preProject
		.gitignore = .gitignore
	EndProjectSection
EndProject
Project("{FAE04EC0-301F-11D3-BF4B-00C04F79EFBC}") = "DesktopApp", "DesktopApp\DesktopApp.csproj", "{C08A7653-2844-4C09-8C0D-C1CADFF93DB0}"
EndProject
Global
	GlobalSection(SolutionConfigurationPlatforms) = preSolution
		Debug|Any CPU = Debug|Any CPU
		Release|Any CPU = Release|Any CPU
	EndGlobalSection
	GlobalSection(ProjectConfigurationPlatforms) = postSolution
		{59F8290D-39F1-449E-98C6-7E86F669735D}.Debug|Any CPU.ActiveCfg = Debug|Any CPU
		{59F8290D-39F1-449E-98C6-7E86F669735D}.Debug|Any CPU.Build.0 = Debug|Any CPU
		{59F8290D-39F1-449E-98C6-7E86F669735D}.Release|Any CPU.ActiveCfg = Release|Any CPU
		{59F8290D-39F1-449E-98C6-7E86F669735D}.Release|Any CPU.Build.0 = Release|Any CPU
		{97F47B36-53E2-4278-85C6-B95643CC6BBA}.Debug|Any CPU.ActiveCfg = Debug|Any CPU
		{97F47B36-53E2-4278-85C6-B95643CC6BBA}.Debug|Any CPU.Build.0 = Debug|Any CPU
		{97F47B36-53E2-4278-85C6-B95643CC6BBA}.Release|Any CPU.ActiveCfg = Release|Any CPU
		{97F47B36-53E2-4278-85C6-B95643CC6BBA}.Release|Any CPU.Build.0 = Release|Any CPU
		{C08A7653-2844-4C09-8C0D-C1CADFF93DB0}.Debug|Any CPU.ActiveCfg = Debug|Any CPU
		{C08A7653-2844-4C09-8C0D-C1CADFF93DB0}.Debug|Any CPU.Build.0 = Debug|Any CPU
		{C08A7653-2844-4C09-8C0D-C1CADFF93DB0}.Release|Any CPU.ActiveCfg = Release|Any CPU
		{C08A7653-2844-4C09-8C0D-C1CADFF93DB0}.Release|Any CPU.Build.0 = Release|Any CPU
	EndGlobalSection
	GlobalSection(SolutionProperties) = preSolution
		HideSolutionNode = FALSE
	EndGlobalSection
EndGlobal
